
Microsoft Visual Studio Solution File, Format Version 12.00
# Visual Studio Version 17
VisualStudioVersion = 17.1.32228.430
MinimumVisualStudioVersion = 10.0.40219.1
Project("{FAE04EC0-301F-11D3-BF4B-00C04F79EFBC}") = "MultiCoreApp.API", "MultiCoreApp.API\MultiCoreApp.API.csproj", "{6CB92888-3DC0-4BB9-A355-3C185E21572A}"
EndProject
Project("{FAE04EC0-301F-11D3-BF4B-00C04F79EFBC}") = "MultiCoreApp.Core", "ClassLibrary1\MultiCoreApp.Core.csproj", "{5F17BCE2-D4FF-45DF-848B-A36A6A2EC7EE}"
EndProject
Project("{FAE04EC0-301F-11D3-BF4B-00C04F79EFBC}") = "MultiCoreApp.DataAccessLayer", "MultiCoreApp.DataAccessLayer\MultiCoreApp.DataAccessLayer.csproj", "{326D76E0-0CE7-4D27-978B-2F01A3A46E67}"
EndProject
Project("{FAE04EC0-301F-11D3-BF4B-00C04F79EFBC}") = "MultiCoreApp.Service", "MultiCoreApp.Service\MultiCoreApp.Service.csproj", "{C9C06AE3-990B-44B1-9057-B4748DA44288}"
EndProject
Project("{FAE04EC0-301F-11D3-BF4B-00C04F79EFBC}") = "MultiCoreApp.MVC", "MultiCoreApp.MVC\MultiCoreApp.MVC.csproj", "{A4A19E82-4136-465F-8657-BD84A0901D28}"
EndProject
Global
	GlobalSection(SolutionConfigurationPlatforms) = preSolution
		Debug|Any CPU = Debug|Any CPU
		Release|Any CPU = Release|Any CPU
	EndGlobalSection
	GlobalSection(ProjectConfigurationPlatforms) = postSolution
		{6CB92888-3DC0-4BB9-A355-3C185E21572A}.Debug|Any CPU.ActiveCfg = Debug|Any CPU
		{6CB92888-3DC0-4BB9-A355-3C185E21572A}.Debug|Any CPU.Build.0 = Debug|Any CPU
		{6CB92888-3DC0-4BB9-A355-3C185E21572A}.Release|Any CPU.ActiveCfg = Release|Any CPU
		{6CB92888-3DC0-4BB9-A355-3C185E21572A}.Release|Any CPU.Build.0 = Release|Any CPU
		{5F17BCE2-D4FF-45DF-848B-A36A6A2EC7EE}.Debug|Any CPU.ActiveCfg = Debug|Any CPU
		{5F17BCE2-D4FF-45DF-848B-A36A6A2EC7EE}.Debug|Any CPU.Build.0 = Debug|Any CPU
		{5F17BCE2-D4FF-45DF-848B-A36A6A2EC7EE}.Release|Any CPU.ActiveCfg = Release|Any CPU
		{5F17BCE2-D4FF-45DF-848B-A36A6A2EC7EE}.Release|Any CPU.Build.0 = Release|Any CPU
		{326D76E0-0CE7-4D27-978B-2F01A3A46E67}.Debug|Any CPU.ActiveCfg = Debug|Any CPU
		{326D76E0-0CE7-4D27-978B-2F01A3A46E67}.Debug|Any CPU.Build.0 = Debug|Any CPU
		{326D76E0-0CE7-4D27-978B-2F01A3A46E67}.Release|Any CPU.ActiveCfg = Release|Any CPU
		{326D76E0-0CE7-4D27-978B-2F01A3A46E67}.Release|Any CPU.Build.0 = Release|Any CPU
		{C9C06AE3-990B-44B1-9057-B4748DA44288}.Debug|Any CPU.ActiveCfg = Debug|Any CPU
		{C9C06AE3-990B-44B1-9057-B4748DA44288}.Debug|Any CPU.Build.0 = Debug|Any CPU
		{C9C06AE3-990B-44B1-9057-B4748DA44288}.Release|Any CPU.ActiveCfg = Release|Any CPU
		{C9C06AE3-990B-44B1-9057-B4748DA44288}.Release|Any CPU.Build.0 = Release|Any CPU
		{A4A19E82-4136-465F-8657-BD84A0901D28}.Debug|Any CPU.ActiveCfg = Debug|Any CPU
		{A4A19E82-4136-465F-8657-BD84A0901D28}.Debug|Any CPU.Build.0 = Debug|Any CPU
		{A4A19E82-4136-465F-8657-BD84A0901D28}.Release|Any CPU.ActiveCfg = Release|Any CPU
		{A4A19E82-4136-465F-8657-BD84A0901D28}.Release|Any CPU.Build.0 = Release|Any CPU
	EndGlobalSection
	GlobalSection(SolutionProperties) = preSolution
		HideSolutionNode = FALSE
	EndGlobalSection
	GlobalSection(ExtensibilityGlobals) = postSolution
		SolutionGuid = {0139FC40-5940-4A61-A8E0-7C1469212A71}
	EndGlobalSection
EndGlobal
